
Microsoft Visual Studio Solution File, Format Version 12.00
# Visual Studio Version 17
VisualStudioVersion = 17.8.34330.188
MinimumVisualStudioVersion = 10.0.40219.1
Project("{9092AA53-FB77-4645-B42D-1CCCA6BD08BD}") = "Electon-PLC-GUI", "Electon-PLC-GUI\Electon-PLC-GUI.njsproj", "{C9C1D8D7-3E5B-4E61-AC5E-6D7878B88D97}"
EndProject
Global
	GlobalSection(SolutionConfigurationPlatforms) = preSolution
		Debug|Any CPU = Debug|Any CPU
		Release|Any CPU = Release|Any CPU
	EndGlobalSection
	GlobalSection(ProjectConfigurationPlatforms) = postSolution
		{C9C1D8D7-3E5B-4E61-AC5E-6D7878B88D97}.Debug|Any CPU.ActiveCfg = Debug|Any CPU
		{C9C1D8D7-3E5B-4E61-AC5E-6D7878B88D97}.Debug|Any CPU.Build.0 = Debug|Any CPU
		{C9C1D8D7-3E5B-4E61-AC5E-6D7878B88D97}.Release|Any CPU.ActiveCfg = Release|Any CPU
		{C9C1D8D7-3E5B-4E61-AC5E-6D7878B88D97}.Release|Any CPU.Build.0 = Release|Any CPU
	EndGlobalSection
	GlobalSection(SolutionProperties) = preSolution
		HideSolutionNode = FALSE
	EndGlobalSection
	GlobalSection(ExtensibilityGlobals) = postSolution
		SolutionGuid = {D897F49F-F6BC-40AF-8528-D3E9C3E94F2B}
	EndGlobalSection
EndGlobal
